
Microsoft Visual Studio Solution File, Format Version 12.00
# Visual Studio Version 16
VisualStudioVersion = 16.0.32228.343
MinimumVisualStudioVersion = 10.0.40219.1
Project("{FAE04EC0-301F-11D3-BF4B-00C04F79EFBC}") = "DesafioCarteira", "DesafioCarteira\DesafioCarteira.csproj", "{1DE122DB-B71B-404C-814D-90E13AC7648C}"
EndProject
Global
	GlobalSection(SolutionConfigurationPlatforms) = preSolution
		Debug|Any CPU = Debug|Any CPU
		Release|Any CPU = Release|Any CPU
	EndGlobalSection
	GlobalSection(ProjectConfigurationPlatforms) = postSolution
		{1DE122DB-B71B-404C-814D-90E13AC7648C}.Debug|Any CPU.ActiveCfg = Debug|Any CPU
		{1DE122DB-B71B-404C-814D-90E13AC7648C}.Debug|Any CPU.Build.0 = Debug|Any CPU
		{1DE122DB-B71B-404C-814D-90E13AC7648C}.Release|Any CPU.ActiveCfg = Release|Any CPU
		{1DE122DB-B71B-404C-814D-90E13AC7648C}.Release|Any CPU.Build.0 = Release|Any CPU
	EndGlobalSection
	GlobalSection(SolutionProperties) = preSolution
		HideSolutionNode = FALSE
	EndGlobalSection
	GlobalSection(ExtensibilityGlobals) = postSolution
		SolutionGuid = {C4DC74D2-92CA-4EE2-ADC0-ED58EA4600A7}
	EndGlobalSection
EndGlobal
